
Microsoft Visual Studio Solution File, Format Version 12.00
# Visual Studio Version 17
VisualStudioVersion = 17.8.34309.116
MinimumVisualStudioVersion = 10.0.40219.1
Project("{9A19103F-16F7-4668-BE54-9A1E7A4F7556}") = "TodoApi", "TodoApi.csproj", "{E88F5888-5AFE-4946-B261-78ECC62641AB}"
EndProject
Project("{2150E333-8FDC-42A3-9474-1A3956D46DE8}") = "Solution Items", "Solution Items", "{E23179BF-7938-4F7C-8E34-52DBB95AC6F3}"
EndProject
Project("{9A19103F-16F7-4668-BE54-9A1E7A4F7556}") = "TestTodoAPI", "..\TestTodoAPI\TestTodoAPI.csproj", "{257B98DE-EF74-4394-9260-9A7E5B28517C}"
EndProject
Project("{2150E333-8FDC-42A3-9474-1A3956D46DE8}") = "Projects", "Projects", "{53121212-F8C2-412B-BA0C-620902CF919E}"
EndProject
Global
	GlobalSection(SolutionConfigurationPlatforms) = preSolution
		Debug|Any CPU = Debug|Any CPU
		Release|Any CPU = Release|Any CPU
	EndGlobalSection
	GlobalSection(ProjectConfigurationPlatforms) = postSolution
		{E88F5888-5AFE-4946-B261-78ECC62641AB}.Debug|Any CPU.ActiveCfg = Debug|Any CPU
		{E88F5888-5AFE-4946-B261-78ECC62641AB}.Debug|Any CPU.Build.0 = Debug|Any CPU
		{E88F5888-5AFE-4946-B261-78ECC62641AB}.Release|Any CPU.ActiveCfg = Release|Any CPU
		{E88F5888-5AFE-4946-B261-78ECC62641AB}.Release|Any CPU.Build.0 = Release|Any CPU
		{257B98DE-EF74-4394-9260-9A7E5B28517C}.Debug|Any CPU.ActiveCfg = Debug|Any CPU
		{257B98DE-EF74-4394-9260-9A7E5B28517C}.Debug|Any CPU.Build.0 = Debug|Any CPU
		{257B98DE-EF74-4394-9260-9A7E5B28517C}.Release|Any CPU.ActiveCfg = Release|Any CPU
		{257B98DE-EF74-4394-9260-9A7E5B28517C}.Release|Any CPU.Build.0 = Release|Any CPU
	EndGlobalSection
	GlobalSection(SolutionProperties) = preSolution
		HideSolutionNode = FALSE
	EndGlobalSection
	GlobalSection(NestedProjects) = preSolution
		{E88F5888-5AFE-4946-B261-78ECC62641AB} = {53121212-F8C2-412B-BA0C-620902CF919E}
		{257B98DE-EF74-4394-9260-9A7E5B28517C} = {53121212-F8C2-412B-BA0C-620902CF919E}
	EndGlobalSection
	GlobalSection(ExtensibilityGlobals) = postSolution
		SolutionGuid = {8D7BB123-587D-4FAD-B0F0-CEC989E127CE}
	EndGlobalSection
EndGlobal
